
Microsoft Visual Studio Solution File, Format Version 12.00
# Visual Studio Version 17
VisualStudioVersion = 17.0.31903.59
MinimumVisualStudioVersion = 10.0.40219.1
Project("{2150E333-8FDC-42A3-9474-1A3956D46DE8}") = "src", "src", "{B856C0C5-31D6-4759-A4B6-FFA5D6FB3DEE}"
EndProject
Project("{FAE04EC0-301F-11D3-BF4B-00C04F79EFBC}") = "WAID.Domain", "src\WAID.Domain\WAID.Domain.csproj", "{F5BC75C3-7B6A-4E56-AD19-74E6471D6AD1}"
EndProject
Project("{FAE04EC0-301F-11D3-BF4B-00C04F79EFBC}") = "WAID.Application", "src\WAID.Application\WAID.Application.csproj", "{401D6949-B58F-44D6-9857-401343BDFE5F}"
EndProject
Project("{FAE04EC0-301F-11D3-BF4B-00C04F79EFBC}") = "WAID.Infrastructure", "src\WAID.Infrastructure\WAID.Infrastructure.csproj", "{C3ABC548-0BE8-4133-ABE3-3A145B1D37FC}"
EndProject
Project("{2150E333-8FDC-42A3-9474-1A3956D46DE8}") = "tests", "tests", "{CD4EE7C6-FFA3-413E-9D15-9F92DCC6ABBD}"
EndProject
Project("{FAE04EC0-301F-11D3-BF4B-00C04F79EFBC}") = "WAID.Domain.Tests", "tests\WAID.Domain.Tests\WAID.Domain.Tests.csproj", "{84133DC8-4A4B-459C-8CE0-F35690C5883D}"
EndProject
Project("{FAE04EC0-301F-11D3-BF4B-00C04F79EFBC}") = "WAID.Application.Tests", "tests\WAID.Application.Tests\WAID.Application.Tests.csproj", "{A7618529-A703-4D8B-9C71-425CDA6FB42A}"
EndProject
Project("{FAE04EC0-301F-11D3-BF4B-00C04F79EFBC}") = "WAID.Desktop", "src\WAID.Desktop\WAID.Desktop.csproj", "{ED1952BB-A778-45F5-BCC6-AD8DD295873D}"
EndProject
Project("{FAE04EC0-301F-11D3-BF4B-00C04F79EFBC}") = "WAID.Plugin.Sample", "src\WAID.Plugin.Sample\WAID.Plugin.Sample.csproj", "{A867E08C-4EBC-4C83-92FE-3B3B3A7E7251}"
EndProject
Global
	GlobalSection(SolutionConfigurationPlatforms) = preSolution
		Debug|Any CPU = Debug|Any CPU
		Release|Any CPU = Release|Any CPU
	EndGlobalSection
	GlobalSection(SolutionProperties) = preSolution
		HideSolutionNode = FALSE
	EndGlobalSection
	GlobalSection(ProjectConfigurationPlatforms) = postSolution
		{F5BC75C3-7B6A-4E56-AD19-74E6471D6AD1}.Debug|Any CPU.ActiveCfg = Debug|Any CPU
		{F5BC75C3-7B6A-4E56-AD19-74E6471D6AD1}.Debug|Any CPU.Build.0 = Debug|Any CPU
		{F5BC75C3-7B6A-4E56-AD19-74E6471D6AD1}.Release|Any CPU.ActiveCfg = Release|Any CPU
		{F5BC75C3-7B6A-4E56-AD19-74E6471D6AD1}.Release|Any CPU.Build.0 = Release|Any CPU
		{401D6949-B58F-44D6-9857-401343BDFE5F}.Debug|Any CPU.ActiveCfg = Debug|Any CPU
		{401D6949-B58F-44D6-9857-401343BDFE5F}.Debug|Any CPU.Build.0 = Debug|Any CPU
		{401D6949-B58F-44D6-9857-401343BDFE5F}.Release|Any CPU.ActiveCfg = Release|Any CPU
		{401D6949-B58F-44D6-9857-401343BDFE5F}.Release|Any CPU.Build.0 = Release|Any CPU
		{C3ABC548-0BE8-4133-ABE3-3A145B1D37FC}.Debug|Any CPU.ActiveCfg = Debug|Any CPU
		{C3ABC548-0BE8-4133-ABE3-3A145B1D37FC}.Debug|Any CPU.Build.0 = Debug|Any CPU
		{C3ABC548-0BE8-4133-ABE3-3A145B1D37FC}.Release|Any CPU.ActiveCfg = Release|Any CPU
		{C3ABC548-0BE8-4133-ABE3-3A145B1D37FC}.Release|Any CPU.Build.0 = Release|Any CPU
		{84133DC8-4A4B-459C-8CE0-F35690C5883D}.Debug|Any CPU.ActiveCfg = Debug|Any CPU
		{84133DC8-4A4B-459C-8CE0-F35690C5883D}.Debug|Any CPU.Build.0 = Debug|Any CPU
		{84133DC8-4A4B-459C-8CE0-F35690C5883D}.Release|Any CPU.ActiveCfg = Release|Any CPU
		{84133DC8-4A4B-459C-8CE0-F35690C5883D}.Release|Any CPU.Build.0 = Release|Any CPU
		{A7618529-A703-4D8B-9C71-425CDA6FB42A}.Debug|Any CPU.ActiveCfg = Debug|Any CPU
		{A7618529-A703-4D8B-9C71-425CDA6FB42A}.Debug|Any CPU.Build.0 = Debug|Any CPU
		{A7618529-A703-4D8B-9C71-425CDA6FB42A}.Release|Any CPU.ActiveCfg = Release|Any CPU
		{A7618529-A703-4D8B-9C71-425CDA6FB42A}.Release|Any CPU.Build.0 = Release|Any CPU
		{ED1952BB-A778-45F5-BCC6-AD8DD295873D}.Debug|Any CPU.ActiveCfg = Debug|x64
		{ED1952BB-A778-45F5-BCC6-AD8DD295873D}.Debug|Any CPU.Build.0 = Debug|x64
		{ED1952BB-A778-45F5-BCC6-AD8DD295873D}.Release|Any CPU.ActiveCfg = Release|x64
		{ED1952BB-A778-45F5-BCC6-AD8DD295873D}.Release|Any CPU.Build.0 = Release|x64
		{A867E08C-4EBC-4C83-92FE-3B3B3A7E7251}.Debug|Any CPU.ActiveCfg = Debug|Any CPU
		{A867E08C-4EBC-4C83-92FE-3B3B3A7E7251}.Debug|Any CPU.Build.0 = Debug|Any CPU
		{A867E08C-4EBC-4C83-92FE-3B3B3A7E7251}.Release|Any CPU.ActiveCfg = Release|Any CPU
		{A867E08C-4EBC-4C83-92FE-3B3B3A7E7251}.Release|Any CPU.Build.0 = Release|Any CPU
	EndGlobalSection
	GlobalSection(NestedProjects) = preSolution
		{F5BC75C3-7B6A-4E56-AD19-74E6471D6AD1} = {B856C0C5-31D6-4759-A4B6-FFA5D6FB3DEE}
		{401D6949-B58F-44D6-9857-401343BDFE5F} = {B856C0C5-31D6-4759-A4B6-FFA5D6FB3DEE}
		{C3ABC548-0BE8-4133-ABE3-3A145B1D37FC} = {B856C0C5-31D6-4759-A4B6-FFA5D6FB3DEE}
		{84133DC8-4A4B-459C-8CE0-F35690C5883D} = {CD4EE7C6-FFA3-413E-9D15-9F92DCC6ABBD}
		{A7618529-A703-4D8B-9C71-425CDA6FB42A} = {CD4EE7C6-FFA3-413E-9D15-9F92DCC6ABBD}
		{ED1952BB-A778-45F5-BCC6-AD8DD295873D} = {B856C0C5-31D6-4759-A4B6-FFA5D6FB3DEE}
		{A867E08C-4EBC-4C83-92FE-3B3B3A7E7251} = {B856C0C5-31D6-4759-A4B6-FFA5D6FB3DEE}
	EndGlobalSection
EndGlobal
